// !$*UTF8*$!
{
	archiveVersion = 1;
	classes = {
	};
	objectVersion = 52;
	objects = {

/* Begin PBXBuildFile section */
		73ED8D0328AFFD720032BC62 /* GTMAppAuthSwift in Frameworks */ = {isa = PBXBuildFile; productRef = 73ED8D0228AFFD720032BC62 /* GTMAppAuthSwift */; };
		C1AF3AE72818785B003BAEFF /* Podfile in Resources */ = {isa = PBXBuildFile; fileRef = C1AF3AE52818785B003BAEFF /* Podfile */; };
		C1AF3AE82818785B003BAEFF /* README.md in Resources */ = {isa = PBXBuildFile; fileRef = C1AF3AE62818785B003BAEFF /* README.md */; };
		C1B5D3682825B0A00068D12B /* AppAuth in Frameworks */ = {isa = PBXBuildFile; productRef = C1B5D3672825B0A00068D12B /* AppAuth */; };
		C1B5D36B2825B0C30068D12B /* GTMSessionFetcherCore in Frameworks */ = {isa = PBXBuildFile; productRef = C1B5D36A2825B0C30068D12B /* GTMSessionFetcherCore */; };
		F6016E951D2BD988003497D7 /* AppDelegate.m in Sources */ = {isa = PBXBuildFile; fileRef = F6016E8B1D2BD988003497D7 /* AppDelegate.m */; };
		F6016E971D2BD988003497D7 /* GTMAppAuthExampleViewController.m in Sources */ = {isa = PBXBuildFile; fileRef = F6016E8D1D2BD988003497D7 /* GTMAppAuthExampleViewController.m */; };
		F6016E981D2BD988003497D7 /* GTMAppAuthExampleViewController.xib in Resources */ = {isa = PBXBuildFile; fileRef = F6016E8F1D2BD988003497D7 /* GTMAppAuthExampleViewController.xib */; };
		F6016E991D2BD988003497D7 /* MainMenu.xib in Resources */ = {isa = PBXBuildFile; fileRef = F6016E911D2BD988003497D7 /* MainMenu.xib */; };
		F6016E9A1D2BD988003497D7 /* main.m in Sources */ = {isa = PBXBuildFile; fileRef = F6016E931D2BD988003497D7 /* main.m */; };
		F6016E9C1D2BD9C0003497D7 /* Assets.xcassets in Resources */ = {isa = PBXBuildFile; fileRef = F6016E9B1D2BD9C0003497D7 /* Assets.xcassets */; };
/* End PBXBuildFile section */

/* Begin PBXFileReference section */
		7355833228AFFC0B00AC24DC /* GTMAppAuth */ = {isa = PBXFileReference; lastKnownFileType = wrapper; name = GTMAppAuth; path = ../..; sourceTree = "<group>"; };
		C1AF3AE52818785B003BAEFF /* Podfile */ = {isa = PBXFileReference; fileEncoding = 4; lastKnownFileType = text; path = Podfile; sourceTree = "<group>"; };
		C1AF3AE62818785B003BAEFF /* README.md */ = {isa = PBXFileReference; fileEncoding = 4; lastKnownFileType = net.daringfireball.markdown; path = README.md; sourceTree = "<group>"; };
		F6016E701D2AC11F003497D7 /* Example-macOS.app */ = {isa = PBXFileReference; explicitFileType = wrapper.application; includeInIndex = 0; path = "Example-macOS.app"; sourceTree = BUILT_PRODUCTS_DIR; };
		F6016E8B1D2BD988003497D7 /* AppDelegate.m */ = {isa = PBXFileReference; fileEncoding = 4; lastKnownFileType = sourcecode.c.objc; name = AppDelegate.m; path = Source/AppDelegate.m; sourceTree = "<group>"; };
		F6016E8D1D2BD988003497D7 /* GTMAppAuthExampleViewController.m */ = {isa = PBXFileReference; fileEncoding = 4; lastKnownFileType = sourcecode.c.objc; name = GTMAppAuthExampleViewController.m; path = Source/GTMAppAuthExampleViewController.m; sourceTree = "<group>"; };
		F6016E8E1D2BD988003497D7 /* AppDelegate.h */ = {isa = PBXFileReference; fileEncoding = 4; lastKnownFileType = sourcecode.c.h; name = AppDelegate.h; path = Source/AppDelegate.h; sourceTree = "<group>"; };
		F6016E901D2BD988003497D7 /* Base */ = {isa = PBXFileReference; lastKnownFileType = file.xib; name = Base; path = Source/Base.lproj/GTMAppAuthExampleViewController.xib; sourceTree = "<group>"; };
		F6016E921D2BD988003497D7 /* Base */ = {isa = PBXFileReference; lastKnownFileType = file.xib; name = Base; path = Source/Base.lproj/MainMenu.xib; sourceTree = "<group>"; };
		F6016E931D2BD988003497D7 /* main.m */ = {isa = PBXFileReference; fileEncoding = 4; lastKnownFileType = sourcecode.c.objc; name = main.m; path = Source/main.m; sourceTree = "<group>"; };
		F6016E941D2BD988003497D7 /* GTMAppAuthExampleViewController.h */ = {isa = PBXFileReference; fileEncoding = 4; lastKnownFileType = sourcecode.c.h; name = GTMAppAuthExampleViewController.h; path = Source/GTMAppAuthExampleViewController.h; sourceTree = "<group>"; };
		F6016E9B1D2BD9C0003497D7 /* Assets.xcassets */ = {isa = PBXFileReference; lastKnownFileType = folder.assetcatalog; name = Assets.xcassets; path = Source/Assets.xcassets; sourceTree = "<group>"; };
		F6016E9D1D2BD9C7003497D7 /* Info.plist */ = {isa = PBXFileReference; fileEncoding = 4; lastKnownFileType = text.plist.xml; name = Info.plist; path = Source/Info.plist; sourceTree = "<group>"; };
/* End PBXFileReference section */

/* Begin PBXFrameworksBuildPhase section */
		F6016E6D1D2AC11F003497D7 /* Frameworks */ = {
			isa = PBXFrameworksBuildPhase;
			buildActionMask = 2147483647;
			files = (
				C1B5D36B2825B0C30068D12B /* GTMSessionFetcherCore in Frameworks */,
				C1B5D3682825B0A00068D12B /* AppAuth in Frameworks */,
				73ED8D0328AFFD720032BC62 /* GTMAppAuthSwift in Frameworks */,
			);
			runOnlyForDeploymentPostprocessing = 0;
		};
/* End PBXFrameworksBuildPhase section */

/* Begin PBXGroup section */
		7355833128AFFC0B00AC24DC /* Packages */ = {
			isa = PBXGroup;
			children = (
				7355833228AFFC0B00AC24DC /* GTMAppAuth */,
			);
			name = Packages;
			sourceTree = "<group>";
		};
		73ED8CFF28AFFD720032BC62 /* Frameworks */ = {
			isa = PBXGroup;
			children = (
			);
			name = Frameworks;
			sourceTree = "<group>";
		};
		F6016E671D2AC11E003497D7 = {
			isa = PBXGroup;
			children = (
				7355833128AFFC0B00AC24DC /* Packages */,
				C1AF3AE52818785B003BAEFF /* Podfile */,
				C1AF3AE62818785B003BAEFF /* README.md */,
				F6016E8A1D2BD973003497D7 /* Source */,
				F6016E711D2AC11F003497D7 /* Products */,
				73ED8CFF28AFFD720032BC62 /* Frameworks */,
			);
			sourceTree = "<group>";
		};
		F6016E711D2AC11F003497D7 /* Products */ = {
			isa = PBXGroup;
			children = (
				F6016E701D2AC11F003497D7 /* Example-macOS.app */,
			);
			name = Products;
			sourceTree = "<group>";
		};
		F6016E8A1D2BD973003497D7 /* Source */ = {
			isa = PBXGroup;
			children = (
				F6016E9D1D2BD9C7003497D7 /* Info.plist */,
				F6016E8E1D2BD988003497D7 /* AppDelegate.h */,
				F6016E8B1D2BD988003497D7 /* AppDelegate.m */,
				F6016E941D2BD988003497D7 /* GTMAppAuthExampleViewController.h */,
				F6016E8D1D2BD988003497D7 /* GTMAppAuthExampleViewController.m */,
				F6016E8F1D2BD988003497D7 /* GTMAppAuthExampleViewController.xib */,
				F6016E911D2BD988003497D7 /* MainMenu.xib */,
				F6016E9B1D2BD9C0003497D7 /* Assets.xcassets */,
				F6016E931D2BD988003497D7 /* main.m */,
			);
			name = Source;
			sourceTree = "<group>";
		};
/* End PBXGroup section */

/* Begin PBXNativeTarget section */
		F6016E6F1D2AC11F003497D7 /* Example-macOS */ = {
			isa = PBXNativeTarget;
			buildConfigurationList = F6016E811D2AC11F003497D7 /* Build configuration list for PBXNativeTarget "Example-macOS" */;
			buildPhases = (
				F6016E6C1D2AC11F003497D7 /* Sources */,
				F6016E6D1D2AC11F003497D7 /* Frameworks */,
				F6016E6E1D2AC11F003497D7 /* Resources */,
			);
			buildRules = (
			);
			dependencies = (
			);
			name = "Example-macOS";
			packageProductDependencies = (
				C1B5D3672825B0A00068D12B /* AppAuth */,
				C1B5D36A2825B0C30068D12B /* GTMSessionFetcherCore */,
				73ED8D0228AFFD720032BC62 /* GTMAppAuthSwift */,
			);
			productName = "Example-Mac";
			productReference = F6016E701D2AC11F003497D7 /* Example-macOS.app */;
			productType = "com.apple.product-type.application";
		};
/* End PBXNativeTarget section */

/* Begin PBXProject section */
		F6016E681D2AC11E003497D7 /* Project object */ = {
			isa = PBXProject;
			attributes = {
				LastUpgradeCheck = 0730;
				ORGANIZATIONNAME = Google;
				TargetAttributes = {
					F6016E6F1D2AC11F003497D7 = {
						CreatedOnToolsVersion = 7.3.1;
					};
				};
			};
			buildConfigurationList = F6016E6B1D2AC11E003497D7 /* Build configuration list for PBXProject "Example-macOS" */;
			compatibilityVersion = "Xcode 3.2";
			developmentRegion = English;
			hasScannedForEncodings = 0;
			knownRegions = (
				English,
				en,
				Base,
			);
			mainGroup = F6016E671D2AC11E003497D7;
			packageReferences = (
				C1B5D3662825B0A00068D12B /* XCRemoteSwiftPackageReference "AppAuth-iOS" */,
				C1B5D3692825B0C30068D12B /* XCRemoteSwiftPackageReference "gtm-session-fetcher" */,
			);
			productRefGroup = F6016E711D2AC11F003497D7 /* Products */;
			projectDirPath = "";
			projectRoot = "";
			targets = (
				F6016E6F1D2AC11F003497D7 /* Example-macOS */,
			);
		};
/* End PBXProject section */

/* Begin PBXResourcesBuildPhase section */
		F6016E6E1D2AC11F003497D7 /* Resources */ = {
			isa = PBXResourcesBuildPhase;
			buildActionMask = 2147483647;
			files = (
				F6016E981D2BD988003497D7 /* GTMAppAuthExampleViewController.xib in Resources */,
				F6016E9C1D2BD9C0003497D7 /* Assets.xcassets in Resources */,
				C1AF3AE82818785B003BAEFF /* README.md in Resources */,
				C1AF3AE72818785B003BAEFF /* Podfile in Resources */,
				F6016E991D2BD988003497D7 /* MainMenu.xib in Resources */,
			);
			runOnlyForDeploymentPostprocessing = 0;
		};
/* End PBXResourcesBuildPhase section */

/* Begin PBXSourcesBuildPhase section */
		F6016E6C1D2AC11F003497D7 /* Sources */ = {
			isa = PBXSourcesBuildPhase;
			buildActionMask = 2147483647;
			files = (
				F6016E951D2BD988003497D7 /* AppDelegate.m in Sources */,
				F6016E9A1D2BD988003497D7 /* main.m in Sources */,
				F6016E971D2BD988003497D7 /* GTMAppAuthExampleViewController.m in Sources */,
			);
			runOnlyForDeploymentPostprocessing = 0;
		};
/* End PBXSourcesBuildPhase section */

/* Begin PBXVariantGroup section */
		F6016E8F1D2BD988003497D7 /* GTMAppAuthExampleViewController.xib */ = {
			isa = PBXVariantGroup;
			children = (
				F6016E901D2BD988003497D7 /* Base */,
			);
			name = GTMAppAuthExampleViewController.xib;
			sourceTree = "<group>";
		};
		F6016E911D2BD988003497D7 /* MainMenu.xib */ = {
			isa = PBXVariantGroup;
			children = (
				F6016E921D2BD988003497D7 /* Base */,
			);
			name = MainMenu.xib;
			sourceTree = "<group>";
		};
/* End PBXVariantGroup section */

/* Begin XCBuildConfiguration section */
		F6016E7F1D2AC11F003497D7 /* Debug */ = {
			isa = XCBuildConfiguration;
			buildSettings = {
				ALWAYS_SEARCH_USER_PATHS = NO;
				CLANG_ANALYZER_NONNULL = YES;
				CLANG_CXX_LANGUAGE_STANDARD = "gnu++0x";
				CLANG_CXX_LIBRARY = "libc++";
				CLANG_ENABLE_MODULES = YES;
				CLANG_ENABLE_OBJC_ARC = YES;
				CLANG_WARN_BOOL_CONVERSION = YES;
				CLANG_WARN_CONSTANT_CONVERSION = YES;
				CLANG_WARN_DIRECT_OBJC_ISA_USAGE = YES_ERROR;
				CLANG_WARN_EMPTY_BODY = YES;
				CLANG_WARN_ENUM_CONVERSION = YES;
				CLANG_WARN_INT_CONVERSION = YES;
				CLANG_WARN_OBJC_ROOT_CLASS = YES_ERROR;
				CLANG_WARN_UNREACHABLE_CODE = YES;
				CLANG_WARN__DUPLICATE_METHOD_MATCH = YES;
				CODE_SIGN_IDENTITY = "-";
				COPY_PHASE_STRIP = NO;
				DEBUG_INFORMATION_FORMAT = dwarf;
				ENABLE_STRICT_OBJC_MSGSEND = YES;
				ENABLE_TESTABILITY = YES;
				GCC_C_LANGUAGE_STANDARD = gnu99;
				GCC_DYNAMIC_NO_PIC = NO;
				GCC_NO_COMMON_BLOCKS = YES;
				GCC_OPTIMIZATION_LEVEL = 0;
				GCC_PREPROCESSOR_DEFINITIONS = (
					"DEBUG=1",
					"$(inherited)",
				);
				GCC_WARN_64_TO_32_BIT_CONVERSION = YES;
				GCC_WARN_ABOUT_RETURN_TYPE = YES_ERROR;
				GCC_WARN_UNDECLARED_SELECTOR = YES;
				GCC_WARN_UNINITIALIZED_AUTOS = YES_AGGRESSIVE;
				GCC_WARN_UNUSED_FUNCTION = YES;
				GCC_WARN_UNUSED_VARIABLE = YES;
				MACOSX_DEPLOYMENT_TARGET = 10.11;
				MTL_ENABLE_DEBUG_INFO = YES;
				ONLY_ACTIVE_ARCH = YES;
				SDKROOT = macosx;
			};
			name = Debug;
		};
		F6016E801D2AC11F003497D7 /* Release */ = {
			isa = XCBuildConfiguration;
			buildSettings = {
				ALWAYS_SEARCH_USER_PATHS = NO;
				CLANG_ANALYZER_NONNULL = YES;
				CLANG_CXX_LANGUAGE_STANDARD = "gnu++0x";
				CLANG_CXX_LIBRARY = "libc++";
				CLANG_ENABLE_MODULES = YES;
				CLANG_ENABLE_OBJC_ARC = YES;
				CLANG_WARN_BOOL_CONVERSION = YES;
				CLANG_WARN_CONSTANT_CONVERSION = YES;
				CLANG_WARN_DIRECT_OBJC_ISA_USAGE = YES_ERROR;
				CLANG_WARN_EMPTY_BODY = YES;
				CLANG_WARN_ENUM_CONVERSION = YES;
				CLANG_WARN_INT_CONVERSION = YES;
				CLANG_WARN_OBJC_ROOT_CLASS = YES_ERROR;
				CLANG_WARN_UNREACHABLE_CODE = YES;
				CLANG_WARN__DUPLICATE_METHOD_MATCH = YES;
				CODE_SIGN_IDENTITY = "-";
				COPY_PHASE_STRIP = NO;
				DEBUG_INFORMATION_FORMAT = "dwarf-with-dsym";
				ENABLE_NS_ASSERTIONS = NO;
				ENABLE_STRICT_OBJC_MSGSEND = YES;
				GCC_C_LANGUAGE_STANDARD = gnu99;
				GCC_NO_COMMON_BLOCKS = YES;
				GCC_WARN_64_TO_32_BIT_CONVERSION = YES;
				GCC_WARN_ABOUT_RETURN_TYPE = YES_ERROR;
				GCC_WARN_UNDECLARED_SELECTOR = YES;
				GCC_WARN_UNINITIALIZED_AUTOS = YES_AGGRESSIVE;
				GCC_WARN_UNUSED_FUNCTION = YES;
				GCC_WARN_UNUSED_VARIABLE = YES;
				MACOSX_DEPLOYMENT_TARGET = 10.11;
				MTL_ENABLE_DEBUG_INFO = NO;
				SDKROOT = macosx;
			};
			name = Release;
		};
		F6016E821D2AC11F003497D7 /* Debug */ = {
			isa = XCBuildConfiguration;
			buildSettings = {
				ASSETCATALOG_COMPILER_APPICON_NAME = AppIcon;
				COMBINE_HIDPI_IMAGES = YES;
				INFOPLIST_FILE = "$(SRCROOT)/Source/Info.plist";
				LD_RUNPATH_SEARCH_PATHS = (
					"$(inherited)",
					"@executable_path/../Frameworks",
				);
				PRODUCT_BUNDLE_IDENTIFIER = "com.example.GTMAppAuth.Example-macOS";
				PRODUCT_NAME = "Example-macOS";
			};
			name = Debug;
		};
		F6016E831D2AC11F003497D7 /* Release */ = {
			isa = XCBuildConfiguration;
			buildSettings = {
				ASSETCATALOG_COMPILER_APPICON_NAME = AppIcon;
				COMBINE_HIDPI_IMAGES = YES;
				INFOPLIST_FILE = "$(SRCROOT)/Source/Info.plist";
				LD_RUNPATH_SEARCH_PATHS = (
					"$(inherited)",
					"@executable_path/../Frameworks",
				);
				PRODUCT_BUNDLE_IDENTIFIER = "com.example.GTMAppAuth.Example-macOS";
				PRODUCT_NAME = "Example-macOS";
			};
			name = Release;
		};
/* End XCBuildConfiguration section */

/* Begin XCConfigurationList section */
		F6016E6B1D2AC11E003497D7 /* Build configuration list for PBXProject "Example-macOS" */ = {
			isa = XCConfigurationList;
			buildConfigurations = (
				F6016E7F1D2AC11F003497D7 /* Debug */,
				F6016E801D2AC11F003497D7 /* Release */,
			);
			defaultConfigurationIsVisible = 0;
			defaultConfigurationName = Release;
		};
		F6016E811D2AC11F003497D7 /* Build configuration list for PBXNativeTarget "Example-macOS" */ = {
			isa = XCConfigurationList;
			buildConfigurations = (
				F6016E821D2AC11F003497D7 /* Debug */,
				F6016E831D2AC11F003497D7 /* Release */,
			);
			defaultConfigurationIsVisible = 0;
			defaultConfigurationName = Release;
		};
/* End XCConfigurationList section */

/* Begin XCRemoteSwiftPackageReference section */
		C1B5D3662825B0A00068D12B /* XCRemoteSwiftPackageReference "AppAuth-iOS" */ = {
			isa = XCRemoteSwiftPackageReference;
			repositoryURL = "https://github.com/openid/AppAuth-iOS.git";
			requirement = {
				kind = upToNextMajorVersion;
				minimumVersion = 1.0.0;
			};
		};
		C1B5D3692825B0C30068D12B /* XCRemoteSwiftPackageReference "gtm-session-fetcher" */ = {
			isa = XCRemoteSwiftPackageReference;
			repositoryURL = "https://github.com/google/gtm-session-fetcher.git";
			requirement = {
				kind = versionRange;
				maximumVersion = 4.0.0;
				minimumVersion = 1.0.0;
			};
		};
/* End XCRemoteSwiftPackageReference section */

/* Begin XCSwiftPackageProductDependency section */
		73ED8D0228AFFD720032BC62 /* GTMAppAuthSwift */ = {
			isa = XCSwiftPackageProductDependency;
			productName = GTMAppAuthSwift;
		};
		C1B5D3672825B0A00068D12B /* AppAuth */ = {
			isa = XCSwiftPackageProductDependency;
			package = C1B5D3662825B0A00068D12B /* XCRemoteSwiftPackageReference "AppAuth-iOS" */;
			productName = AppAuth;
		};
		C1B5D36A2825B0C30068D12B /* GTMSessionFetcherCore */ = {
			isa = XCSwiftPackageProductDependency;
			package = C1B5D3692825B0C30068D12B /* XCRemoteSwiftPackageReference "gtm-session-fetcher" */;
			productName = GTMSessionFetcherCore;
		};
/* End XCSwiftPackageProductDependency section */
	};
	rootObject = F6016E681D2AC11E003497D7 /* Project object */;
}
